
Microsoft Visual Studio Solution File, Format Version 12.00
# Visual Studio 2013
Project("{FAE04EC0-301F-11D3-BF4B-00C04F79EFBC}") = "Quintessence", "Quintessence\Quintessence.csproj", "{CA953E9F-409F-4881-A79D-137069A2076E}"
EndProject
Global
	GlobalSection(SolutionConfigurationPlatforms) = preSolution
		Debug|Any CPU = Debug|Any CPU
		Release|Any CPU = Release|Any CPU
	EndGlobalSection
	GlobalSection(ProjectConfigurationPlatforms) = postSolution
		{CA953E9F-409F-4881-A79D-137069A2076E}.Debug|Any CPU.ActiveCfg = Debug|Any CPU
		{CA953E9F-409F-4881-A79D-137069A2076E}.Debug|Any CPU.Build.0 = Debug|Any CPU
		{CA953E9F-409F-4881-A79D-137069A2076E}.Release|Any CPU.ActiveCfg = Release|Any CPU
		{CA953E9F-409F-4881-A79D-137069A2076E}.Release|Any CPU.Build.0 = Release|Any CPU
	EndGlobalSection
	GlobalSection(SolutionProperties) = preSolution
		HideSolutionNode = FALSE
	EndGlobalSection
EndGlobal
